
Microsoft Visual Studio Solution File, Format Version 12.00
# Visual Studio Version 17
VisualStudioVersion = 17.13.35931.197 d17.13
MinimumVisualStudioVersion = 10.0.40219.1
Project("{FAE04EC0-301F-11D3-BF4B-00C04F79EFBC}") = "BroadcastClient", "ClientMulticast\BroadcastClient.csproj", "{0A1BDE8F-1733-494A-9329-57AF86EBF31E}"
EndProject
Project("{FAE04EC0-301F-11D3-BF4B-00C04F79EFBC}") = "BroadcastServer", "MulticastServer\BroadcastServer.csproj", "{C7D2BA99-DC4A-4178-9634-6077376CD3BE}"
EndProject
Global
	GlobalSection(SolutionConfigurationPlatforms) = preSolution
		Debug|Any CPU = Debug|Any CPU
		Release|Any CPU = Release|Any CPU
	EndGlobalSection
	GlobalSection(ProjectConfigurationPlatforms) = postSolution
		{0A1BDE8F-1733-494A-9329-57AF86EBF31E}.Debug|Any CPU.ActiveCfg = Debug|Any CPU
		{0A1BDE8F-1733-494A-9329-57AF86EBF31E}.Debug|Any CPU.Build.0 = Debug|Any CPU
		{0A1BDE8F-1733-494A-9329-57AF86EBF31E}.Release|Any CPU.ActiveCfg = Release|Any CPU
		{0A1BDE8F-1733-494A-9329-57AF86EBF31E}.Release|Any CPU.Build.0 = Release|Any CPU
		{C7D2BA99-DC4A-4178-9634-6077376CD3BE}.Debug|Any CPU.ActiveCfg = Debug|Any CPU
		{C7D2BA99-DC4A-4178-9634-6077376CD3BE}.Debug|Any CPU.Build.0 = Debug|Any CPU
		{C7D2BA99-DC4A-4178-9634-6077376CD3BE}.Release|Any CPU.ActiveCfg = Release|Any CPU
		{C7D2BA99-DC4A-4178-9634-6077376CD3BE}.Release|Any CPU.Build.0 = Release|Any CPU
	EndGlobalSection
	GlobalSection(SolutionProperties) = preSolution
		HideSolutionNode = FALSE
	EndGlobalSection
	GlobalSection(ExtensibilityGlobals) = postSolution
		SolutionGuid = {AA4797A9-13C0-4985-8183-A9E4CEF91F76}
	EndGlobalSection
EndGlobal
